{
  "version": 4,
  "terraform_version": "1.13.1",
  "serial": 66,
  "lineage": "a036da94-3007-7bc2-d789-6ca616b37df8",
  "outputs": {},
  "resources": [
    {
      "module": "module.container_apps_env",
      "mode": "managed",
      "type": "azurerm_container_app_environment",
      "name": "this",
      "provider": "provider[\"registry.terraform.io/hashicorp/azurerm\"]",
      "instances": [
        {
          "schema_version": 0,
          "attributes": {
            "custom_domain_verification_id": "72C82BAAE18A9788E4821BCD6823339D95681E6F2E0593A41887B052AB090602",
            "dapr_application_insights_connection_string": "",
            "default_domain": "ambitiousgrass-42bd1b1b.eastus2.azurecontainerapps.io",
            "docker_bridge_cidr": "",
            "id": "/subscriptions/6c909ef5-1e99-40f1-a665-c0ea541f89c6/resourceGroups/tetris-rg/providers/Microsoft.App/managedEnvironments/tetris-env",
            "identity": [],
            "infrastructure_resource_group_name": "",
            "infrastructure_subnet_id": "",
            "internal_load_balancer_enabled": false,
            "location": "eastus2",
            "log_analytics_workspace_id": "/subscriptions/6c909ef5-1e99-40f1-a665-c0ea541f89c6/resourceGroups/tetris-rg/providers/Microsoft.OperationalInsights/workspaces/tetris-law",
            "logs_destination": "log-analytics",
            "mutual_tls_enabled": false,
            "name": "tetris-env",
            "platform_reserved_cidr": "",
            "platform_reserved_dns_ip_address": "",
            "public_network_access": "Enabled",
            "resource_group_name": "tetris-rg",
            "static_ip_address": "20.161.222.173",
            "tags": {},
            "timeouts": null,
            "workload_profile": [],
            "zone_redundancy_enabled": false
          },
          "sensitive_attributes": [
            [
              {
                "type": "get_attr",
                "value": "dapr_application_insights_connection_string"
              }
            ]
          ],
          "identity_schema_version": 0,
          "private": "eyJlMmJmYjczMC1lY2FhLTExZTYtOGY4OC0zNDM2M2JjN2M0YzAiOnsiY3JlYXRlIjoxODAwMDAwMDAwMDAwLCJkZWxldGUiOjE4MDAwMDAwMDAwMDAsInJlYWQiOjMwMDAwMDAwMDAwMCwidXBkYXRlIjoxODAwMDAwMDAwMDAwfX0=",
          "dependencies": [
            "module.log_analytics.azurerm_log_analytics_workspace.this",
            "module.rg.azurerm_resource_group.rg"
          ]
        }
      ]
    },
    {
      "module": "module.log_analytics",
      "mode": "managed",
      "type": "azurerm_log_analytics_workspace",
      "name": "this",
      "provider": "provider[\"registry.terraform.io/hashicorp/azurerm\"]",
      "instances": [
        {
          "schema_version": 3,
          "attributes": {
            "allow_resource_only_permissions": true,
            "cmk_for_query_forced": false,
            "daily_quota_gb": -1,
            "data_collection_rule_id": "",
            "id": "/subscriptions/6c909ef5-1e99-40f1-a665-c0ea541f89c6/resourceGroups/tetris-rg/providers/Microsoft.OperationalInsights/workspaces/tetris-law",
            "identity": [],
            "immediate_data_purge_on_30_days_enabled": false,
            "internet_ingestion_enabled": true,
            "internet_query_enabled": true,
            "local_authentication_disabled": false,
            "local_authentication_enabled": true,
            "location": "eastus2",
            "name": "tetris-law",
            "primary_shared_key": "GfYBmw8V6svIVVDJa2n8xsDEiPURMa9AmVvpk1EnqtJD3C/EN9bPMNGvEtxY//WULkXNMRwKwb5iKvodnLWTbw==",
            "reservation_capacity_in_gb_per_day": null,
            "resource_group_name": "tetris-rg",
            "retention_in_days": 30,
            "secondary_shared_key": "+GRvbfBuJLCWyek9qCDUHxmqWguP6k7i9PaR4q2hOEa872D6nnntHlS7Rfocd1qAVTKjSfEjyxh8+79exQnLGA==",
            "sku": "PerGB2018",
            "tags": {},
            "timeouts": null,
            "workspace_id": "2928e7a1-dedb-4e92-b427-6bf5040ac682"
          },
          "sensitive_attributes": [
            [
              {
                "type": "get_attr",
                "value": "primary_shared_key"
              }
            ],
            [
              {
                "type": "get_attr",
                "value": "secondary_shared_key"
              }
            ]
          ],
          "identity_schema_version": 0,
          "private": "eyJlMmJmYjczMC1lY2FhLTExZTYtOGY4OC0zNDM2M2JjN2M0YzAiOnsiY3JlYXRlIjoxODAwMDAwMDAwMDAwLCJkZWxldGUiOjE4MDAwMDAwMDAwMDAsInJlYWQiOjMwMDAwMDAwMDAwMCwidXBkYXRlIjoxODAwMDAwMDAwMDAwfSwic2NoZW1hX3ZlcnNpb24iOiIzIn0=",
          "dependencies": [
            "module.rg.azurerm_resource_group.rg"
          ]
        }
      ]
    },
    {
      "module": "module.rg",
      "mode": "managed",
      "type": "azurerm_resource_group",
      "name": "rg",
      "provider": "provider[\"registry.terraform.io/hashicorp/azurerm\"]",
      "instances": [
        {
          "schema_version": 0,
          "attributes": {
            "id": "/subscriptions/6c909ef5-1e99-40f1-a665-c0ea541f89c6/resourceGroups/tetris-rg",
            "location": "eastus2",
            "managed_by": "",
            "name": "tetris-rg",
            "tags": {},
            "timeouts": null
          },
          "sensitive_attributes": [],
          "identity_schema_version": 0,
          "identity": {
            "name": "tetris-rg",
            "subscription_id": "6c909ef5-1e99-40f1-a665-c0ea541f89c6"
          },
          "private": "eyJlMmJmYjczMC1lY2FhLTExZTYtOGY4OC0zNDM2M2JjN2M0YzAiOnsiY3JlYXRlIjo1NDAwMDAwMDAwMDAwLCJkZWxldGUiOjU0MDAwMDAwMDAwMDAsInJlYWQiOjMwMDAwMDAwMDAwMCwidXBkYXRlIjo1NDAwMDAwMDAwMDAwfX0="
        }
      ]
    }
  ],
  "check_results": null
}
